
Microsoft Visual Studio Solution File, Format Version 12.00
# Visual Studio Version 17
VisualStudioVersion = 17.3.32811.315
MinimumVisualStudioVersion = 10.0.40219.1
Project("{9A19103F-16F7-4668-BE54-9A1E7A4F7556}") = "JWTTokenAPP", "JWTTokenAPP\JWTTokenAPP.csproj", "{2B1CFD31-A538-44C7-A0EA-575BFAEF8DF8}"
EndProject
Project("{9A19103F-16F7-4668-BE54-9A1E7A4F7556}") = "UserService", "..\batch27\Microservices\AuthenticationDemo\UserService\UserService.csproj", "{986C4C5C-87D6-4BE4-8242-D4C57FC1C901}"
EndProject
Global
	GlobalSection(SolutionConfigurationPlatforms) = preSolution
		Debug|Any CPU = Debug|Any CPU
		Release|Any CPU = Release|Any CPU
	EndGlobalSection
	GlobalSection(ProjectConfigurationPlatforms) = postSolution
		{2B1CFD31-A538-44C7-A0EA-575BFAEF8DF8}.Debug|Any CPU.ActiveCfg = Debug|Any CPU
		{2B1CFD31-A538-44C7-A0EA-575BFAEF8DF8}.Debug|Any CPU.Build.0 = Debug|Any CPU
		{2B1CFD31-A538-44C7-A0EA-575BFAEF8DF8}.Release|Any CPU.ActiveCfg = Release|Any CPU
		{2B1CFD31-A538-44C7-A0EA-575BFAEF8DF8}.Release|Any CPU.Build.0 = Release|Any CPU
		{986C4C5C-87D6-4BE4-8242-D4C57FC1C901}.Debug|Any CPU.ActiveCfg = Debug|Any CPU
		{986C4C5C-87D6-4BE4-8242-D4C57FC1C901}.Debug|Any CPU.Build.0 = Debug|Any CPU
		{986C4C5C-87D6-4BE4-8242-D4C57FC1C901}.Release|Any CPU.ActiveCfg = Release|Any CPU
		{986C4C5C-87D6-4BE4-8242-D4C57FC1C901}.Release|Any CPU.Build.0 = Release|Any CPU
	EndGlobalSection
	GlobalSection(SolutionProperties) = preSolution
		HideSolutionNode = FALSE
	EndGlobalSection
	GlobalSection(ExtensibilityGlobals) = postSolution
		SolutionGuid = {D6B3B660-40F8-47BC-BC2B-E14034CB1DA6}
	EndGlobalSection
EndGlobal
