
Microsoft Visual Studio Solution File, Format Version 12.00
# Visual Studio Version 17
VisualStudioVersion = 17.3.32811.315
MinimumVisualStudioVersion = 10.0.40219.1
Project("{9A19103F-16F7-4668-BE54-9A1E7A4F7556}") = "SampleTrainingApp", "SampleTrainingApp\SampleTrainingApp.csproj", "{B966AF12-C692-4D53-A8C3-CD773D2FA503}"
EndProject
Project("{FAE04EC0-301F-11D3-BF4B-00C04F79EFBC}") = "MyWebApp", "MyWebApp\MyWebApp.csproj", "{5E021E3A-A96D-453F-AF1D-88A28055F9E3}"
EndProject
Global
	GlobalSection(SolutionConfigurationPlatforms) = preSolution
		Debug|Any CPU = Debug|Any CPU
		Release|Any CPU = Release|Any CPU
	EndGlobalSection
	GlobalSection(ProjectConfigurationPlatforms) = postSolution
		{B966AF12-C692-4D53-A8C3-CD773D2FA503}.Debug|Any CPU.ActiveCfg = Debug|Any CPU
		{B966AF12-C692-4D53-A8C3-CD773D2FA503}.Debug|Any CPU.Build.0 = Debug|Any CPU
		{B966AF12-C692-4D53-A8C3-CD773D2FA503}.Release|Any CPU.ActiveCfg = Release|Any CPU
		{B966AF12-C692-4D53-A8C3-CD773D2FA503}.Release|Any CPU.Build.0 = Release|Any CPU
		{5E021E3A-A96D-453F-AF1D-88A28055F9E3}.Debug|Any CPU.ActiveCfg = Debug|Any CPU
		{5E021E3A-A96D-453F-AF1D-88A28055F9E3}.Debug|Any CPU.Build.0 = Debug|Any CPU
		{5E021E3A-A96D-453F-AF1D-88A28055F9E3}.Release|Any CPU.ActiveCfg = Release|Any CPU
		{5E021E3A-A96D-453F-AF1D-88A28055F9E3}.Release|Any CPU.Build.0 = Release|Any CPU
	EndGlobalSection
	GlobalSection(SolutionProperties) = preSolution
		HideSolutionNode = FALSE
	EndGlobalSection
	GlobalSection(ExtensibilityGlobals) = postSolution
		SolutionGuid = {87073822-3280-4755-9AEB-BD4C5126022E}
	EndGlobalSection
EndGlobal
